// !$*UTF8*$!
{
	archiveVersion = 1;
	classes = {
	};
	objectVersion = 46;
	objects = {

/* Begin PBXBuildFile section */
		65D3CA0C1ECB8A3C0008381B /* AppDelegate.swift in Sources */ = {isa = PBXBuildFile; fileRef = 65D3CA0B1ECB8A3C0008381B /* AppDelegate.swift */; };
		65D3CA0E1ECB8A3C0008381B /* ViewController.swift in Sources */ = {isa = PBXBuildFile; fileRef = 65D3CA0D1ECB8A3C0008381B /* ViewController.swift */; };
		65D3CA111ECB8A3C0008381B /* Main.storyboard in Resources */ = {isa = PBXBuildFile; fileRef = 65D3CA0F1ECB8A3C0008381B /* Main.storyboard */; };
		65D3CA131ECB8A3C0008381B /* Assets.xcassets in Resources */ = {isa = PBXBuildFile; fileRef = 65D3CA121ECB8A3C0008381B /* Assets.xcassets */; };
		65D3CA161ECB8A3C0008381B /* LaunchScreen.storyboard in Resources */ = {isa = PBXBuildFile; fileRef = 65D3CA141ECB8A3C0008381B /* LaunchScreen.storyboard */; };
/* End PBXBuildFile section */

/* Begin PBXFileReference section */
		65D3CA081ECB8A3C0008381B /* DynamicsDemo.app */ = {isa = PBXFileReference; explicitFileType = wrapper.application; includeInIndex = 0; path = DynamicsDemo.app; sourceTree = BUILT_PRODUCTS_DIR; };
		65D3CA0B1ECB8A3C0008381B /* AppDelegate.swift */ = {isa = PBXFileReference; lastKnownFileType = sourcecode.swift; path = AppDelegate.swift; sourceTree = "<group>"; };
		65D3CA0D1ECB8A3C0008381B /* ViewController.swift */ = {isa = PBXFileReference; lastKnownFileType = sourcecode.swift; path = ViewController.swift; sourceTree = "<group>"; };
		65D3CA101ECB8A3C0008381B /* Base */ = {isa = PBXFileReference; lastKnownFileType = file.storyboard; name = Base; path = Base.lproj/Main.storyboard; sourceTree = "<group>"; };
		65D3CA121ECB8A3C0008381B /* Assets.xcassets */ = {isa = PBXFileReference; lastKnownFileType = folder.assetcatalog; path = Assets.xcassets; sourceTree = "<group>"; };
		65D3CA151ECB8A3C0008381B /* Base */ = {isa = PBXFileReference; lastKnownFileType = file.storyboard; name = Base; path = Base.lproj/LaunchScreen.storyboard; sourceTree = "<group>"; };
		65D3CA171ECB8A3C0008381B /* Info.plist */ = {isa = PBXFileReference; lastKnownFileType = text.plist.xml; path = Info.plist; sourceTree = "<group>"; };
/* End PBXFileReference section */

/* Begin PBXFrameworksBuildPhase section */
		65D3CA051ECB8A3B0008381B /* Frameworks */ = {
			isa = PBXFrameworksBuildPhase;
			buildActionMask = 2147483647;
			files = (
			);
			runOnlyForDeploymentPostprocessing = 0;
		};
/* End PBXFrameworksBuildPhase section */

/* Begin PBXGroup section */
		65D3C9FF1ECB8A3B0008381B = {
			isa = PBXGroup;
			children = (
				65D3CA0A1ECB8A3C0008381B /* DynamicsDemo */,
				65D3CA091ECB8A3C0008381B /* Products */,
			);
			sourceTree = "<group>";
		};
		65D3CA091ECB8A3C0008381B /* Products */ = {
			isa = PBXGroup;
			children = (
				65D3CA081ECB8A3C0008381B /* DynamicsDemo.app */,
			);
			name = Products;
			sourceTree = "<group>";
		};
		65D3CA0A1ECB8A3C0008381B /* DynamicsDemo */ = {
			isa = PBXGroup;
			children = (
				65D3CA0B1ECB8A3C0008381B /* AppDelegate.swift */,
				65D3CA0D1ECB8A3C0008381B /* ViewController.swift */,
				65D3CA0F1ECB8A3C0008381B /* Main.storyboard */,
				65D3CA121ECB8A3C0008381B /* Assets.xcassets */,
				65D3CA141ECB8A3C0008381B /* LaunchScreen.storyboard */,
				65D3CA171ECB8A3C0008381B /* Info.plist */,
			);
			path = DynamicsDemo;
			sourceTree = "<group>";
		};
/* End PBXGroup section */

/* Begin PBXNativeTarget section */
		65D3CA071ECB8A3B0008381B /* DynamicsDemo */ = {
			isa = PBXNativeTarget;
			buildConfigurationList = 65D3CA1A1ECB8A3C0008381B /* Build configuration list for PBXNativeTarget "DynamicsDemo" */;
			buildPhases = (
				65D3CA041ECB8A3B0008381B /* Sources */,
				65D3CA051ECB8A3B0008381B /* Frameworks */,
				65D3CA061ECB8A3B0008381B /* Resources */,
			);
			buildRules = (
			);
			dependencies = (
			);
			name = DynamicsDemo;
			productName = DynamicsDemo;
			productReference = 65D3CA081ECB8A3C0008381B /* DynamicsDemo.app */;
			productType = "com.apple.product-type.application";
		};
/* End PBXNativeTarget section */

/* Begin PBXProject section */
		65D3CA001ECB8A3B0008381B /* Project object */ = {
			isa = PBXProject;
			attributes = {
				LastSwiftUpdateCheck = 0830;
				LastUpgradeCheck = 0830;
				ORGANIZATIONNAME = "Brendoon Ryos";
				TargetAttributes = {
					65D3CA071ECB8A3B0008381B = {
						CreatedOnToolsVersion = 8.3.2;
						DevelopmentTeam = 8G633XVRJD;
						ProvisioningStyle = Automatic;
					};
				};
			};
			buildConfigurationList = 65D3CA031ECB8A3B0008381B /* Build configuration list for PBXProject "DynamicsDemo" */;
			compatibilityVersion = "Xcode 3.2";
			developmentRegion = English;
			hasScannedForEncodings = 0;
			knownRegions = (
				en,
				Base,
			);
			mainGroup = 65D3C9FF1ECB8A3B0008381B;
			productRefGroup = 65D3CA091ECB8A3C0008381B /* Products */;
			projectDirPath = "";
			projectRoot = "";
			targets = (
				65D3CA071ECB8A3B0008381B /* DynamicsDemo */,
			);
		};
/* End PBXProject section */

/* Begin PBXResourcesBuildPhase section */
		65D3CA061ECB8A3B0008381B /* Resources */ = {
			isa = PBXResourcesBuildPhase;
			buildActionMask = 2147483647;
			files = (
				65D3CA161ECB8A3C0008381B /* LaunchScreen.storyboard in Resources */,
				65D3CA131ECB8A3C0008381B /* Assets.xcassets in Resources */,
				65D3CA111ECB8A3C0008381B /* Main.storyboard in Resources */,
			);
			runOnlyForDeploymentPostprocessing = 0;
		};
/* End PBXResourcesBuildPhase section */

/* Begin PBXSourcesBuildPhase section */
		65D3CA041ECB8A3B0008381B /* Sources */ = {
			isa = PBXSourcesBuildPhase;
			buildActionMask = 2147483647;
			files = (
				65D3CA0E1ECB8A3C0008381B /* ViewController.swift in Sources */,
				65D3CA0C1ECB8A3C0008381B /* AppDelegate.swift in Sources */,
			);
			runOnlyForDeploymentPostprocessing = 0;
		};
/* End PBXSourcesBuildPhase section */

/* Begin PBXVariantGroup section */
		65D3CA0F1ECB8A3C0008381B /* Main.storyboard */ = {
			isa = PBXVariantGroup;
			children = (
				65D3CA101ECB8A3C0008381B /* Base */,
			);
			name = Main.storyboard;
			sourceTree = "<group>";
		};
		65D3CA141ECB8A3C0008381B /* LaunchScreen.storyboard */ = {
			isa = PBXVariantGroup;
			children = (
				65D3CA151ECB8A3C0008381B /* Base */,
			);
			name = LaunchScreen.storyboard;
			sourceTree = "<group>";
		};
/* End PBXVariantGroup section */

/* Begin XCBuildConfiguration section */
		65D3CA181ECB8A3C0008381B /* Debug */ = {
			isa = XCBuildConfiguration;
			buildSettings = {
				ALWAYS_SEARCH_USER_PATHS = NO;
				CLANG_ANALYZER_NONNULL = YES;
				CLANG_ANALYZER_NUMBER_OBJECT_CONVERSION = YES_AGGRESSIVE;
				CLANG_CXX_LANGUAGE_STANDARD = "gnu++0x";
				CLANG_CXX_LIBRARY = "libc++";
				CLANG_ENABLE_MODULES = YES;
				CLANG_ENABLE_OBJC_ARC = YES;
				CLANG_WARN_BOOL_CONVERSION = YES;
				CLANG_WARN_CONSTANT_CONVERSION = YES;
				CLANG_WARN_DIRECT_OBJC_ISA_USAGE = YES_ERROR;
				CLANG_WARN_DOCUMENTATION_COMMENTS = YES;
				CLANG_WARN_EMPTY_BODY = YES;
				CLANG_WARN_ENUM_CONVERSION = YES;
				CLANG_WARN_INFINITE_RECURSION = YES;
				CLANG_WARN_INT_CONVERSION = YES;
				CLANG_WARN_OBJC_ROOT_CLASS = YES_ERROR;
				CLANG_WARN_SUSPICIOUS_MOVE = YES;
				CLANG_WARN_UNREACHABLE_CODE = YES;
				CLANG_WARN__DUPLICATE_METHOD_MATCH = YES;
				"CODE_SIGN_IDENTITY[sdk=iphoneos*]" = "iPhone Developer";
				COPY_PHASE_STRIP = NO;
				DEBUG_INFORMATION_FORMAT = dwarf;
				ENABLE_STRICT_OBJC_MSGSEND = YES;
				ENABLE_TESTABILITY = YES;
				GCC_C_LANGUAGE_STANDARD = gnu99;
				GCC_DYNAMIC_NO_PIC = NO;
				GCC_NO_COMMON_BLOCKS = YES;
				GCC_OPTIMIZATION_LEVEL = 0;
				GCC_PREPROCESSOR_DEFINITIONS = (
					"DEBUG=1",
					"$(inherited)",
				);
				GCC_WARN_64_TO_32_BIT_CONVERSION = YES;
				GCC_WARN_ABOUT_RETURN_TYPE = YES_ERROR;
				GCC_WARN_UNDECLARED_SELECTOR = YES;
				GCC_WARN_UNINITIALIZED_AUTOS = YES_AGGRESSIVE;
				GCC_WARN_UNUSED_FUNCTION = YES;
				GCC_WARN_UNUSED_VARIABLE = YES;
				IPHONEOS_DEPLOYMENT_TARGET = 10.3;
				MTL_ENABLE_DEBUG_INFO = YES;
				ONLY_ACTIVE_ARCH = YES;
				SDKROOT = iphoneos;
				SWIFT_ACTIVE_COMPILATION_CONDITIONS = DEBUG;
				SWIFT_OPTIMIZATION_LEVEL = "-Onone";
				TARGETED_DEVICE_FAMILY = "1,2";
			};
			name = Debug;
		};
		65D3CA191ECB8A3C0008381B /* Release */ = {
			isa = XCBuildConfiguration;
			buildSettings = {
				ALWAYS_SEARCH_USER_PATHS = NO;
				CLANG_ANALYZER_NONNULL = YES;
				CLANG_ANALYZER_NUMBER_OBJECT_CONVERSION = YES_AGGRESSIVE;
				CLANG_CXX_LANGUAGE_STANDARD = "gnu++0x";
				CLANG_CXX_LIBRARY = "libc++";
				CLANG_ENABLE_MODULES = YES;
				CLANG_ENABLE_OBJC_ARC = YES;
				CLANG_WARN_BOOL_CONVERSION = YES;
				CLANG_WARN_CONSTANT_CONVERSION = YES;
				CLANG_WARN_DIRECT_OBJC_ISA_USAGE = YES_ERROR;
				CLANG_WARN_DOCUMENTATION_COMMENTS = YES;
				CLANG_WARN_EMPTY_BODY = YES;
				CLANG_WARN_ENUM_CONVERSION = YES;
				CLANG_WARN_INFINITE_RECURSION = YES;
				CLANG_WARN_INT_CONVERSION = YES;
				CLANG_WARN_OBJC_ROOT_CLASS = YES_ERROR;
				CLANG_WARN_SUSPICIOUS_MOVE = YES;
				CLANG_WARN_UNREACHABLE_CODE = YES;
				CLANG_WARN__DUPLICATE_METHOD_MATCH = YES;
				"CODE_SIGN_IDENTITY[sdk=iphoneos*]" = "iPhone Developer";
				COPY_PHASE_STRIP = NO;
				DEBUG_INFORMATION_FORMAT = "dwarf-with-dsym";
				ENABLE_NS_ASSERTIONS = NO;
				ENABLE_STRICT_OBJC_MSGSEND = YES;
				GCC_C_LANGUAGE_STANDARD = gnu99;
				GCC_NO_COMMON_BLOCKS = YES;
				GCC_WARN_64_TO_32_BIT_CONVERSION = YES;
				GCC_WARN_ABOUT_RETURN_TYPE = YES_ERROR;
				GCC_WARN_UNDECLARED_SELECTOR = YES;
				GCC_WARN_UNINITIALIZED_AUTOS = YES_AGGRESSIVE;
				GCC_WARN_UNUSED_FUNCTION = YES;
				GCC_WARN_UNUSED_VARIABLE = YES;
				IPHONEOS_DEPLOYMENT_TARGET = 10.3;
				MTL_ENABLE_DEBUG_INFO = NO;
				SDKROOT = iphoneos;
				SWIFT_OPTIMIZATION_LEVEL = "-Owholemodule";
				TARGETED_DEVICE_FAMILY = "1,2";
				VALIDATE_PRODUCT = YES;
			};
			name = Release;
		};
		65D3CA1B1ECB8A3C0008381B /* Debug */ = {
			isa = XCBuildConfiguration;
			buildSettings = {
				ASSETCATALOG_COMPILER_APPICON_NAME = AppIcon;
				DEVELOPMENT_TEAM = 8G633XVRJD;
				INFOPLIST_FILE = DynamicsDemo/Info.plist;
				LD_RUNPATH_SEARCH_PATHS = "$(inherited) @executable_path/Frameworks";
				PRODUCT_BUNDLE_IDENTIFIER = br.mackmobile.DynamicsDemo;
				PRODUCT_NAME = "$(TARGET_NAME)";
				SWIFT_VERSION = 3.0;
			};
			name = Debug;
		};
		65D3CA1C1ECB8A3C0008381B /* Release */ = {
			isa = XCBuildConfiguration;
			buildSettings = {
				ASSETCATALOG_COMPILER_APPICON_NAME = AppIcon;
				DEVELOPMENT_TEAM = 8G633XVRJD;
				INFOPLIST_FILE = DynamicsDemo/Info.plist;
				LD_RUNPATH_SEARCH_PATHS = "$(inherited) @executable_path/Frameworks";
				PRODUCT_BUNDLE_IDENTIFIER = br.mackmobile.DynamicsDemo;
				PRODUCT_NAME = "$(TARGET_NAME)";
				SWIFT_VERSION = 3.0;
			};
			name = Release;
		};
/* End XCBuildConfiguration section */

/* Begin XCConfigurationList section */
		65D3CA031ECB8A3B0008381B /* Build configuration list for PBXProject "DynamicsDemo" */ = {
			isa = XCConfigurationList;
			buildConfigurations = (
				65D3CA181ECB8A3C0008381B /* Debug */,
				65D3CA191ECB8A3C0008381B /* Release */,
			);
			defaultConfigurationIsVisible = 0;
			defaultConfigurationName = Release;
		};
		65D3CA1A1ECB8A3C0008381B /* Build configuration list for PBXNativeTarget "DynamicsDemo" */ = {
			isa = XCConfigurationList;
			buildConfigurations = (
				65D3CA1B1ECB8A3C0008381B /* Debug */,
				65D3CA1C1ECB8A3C0008381B /* Release */,
			);
			defaultConfigurationIsVisible = 0;
		};
/* End XCConfigurationList section */
	};
	rootObject = 65D3CA001ECB8A3B0008381B /* Project object */;
}
